// !$*UTF8*$!
{
	archiveVersion = 1;
	classes = {
	};
	objectVersion = 46;
	objects = {

/* Begin PBXBuildFile section */
		D888A06D1E3BF907009B18C7 /* AppDelegate.swift in Sources */ = {isa = PBXBuildFile; fileRef = D888A06C1E3BF907009B18C7 /* AppDelegate.swift */; };
		D888A06F1E3BF907009B18C7 /* ViewController.swift in Sources */ = {isa = PBXBuildFile; fileRef = D888A06E1E3BF907009B18C7 /* ViewController.swift */; };
		D888A0721E3BF907009B18C7 /* Main.storyboard in Resources */ = {isa = PBXBuildFile; fileRef = D888A0701E3BF907009B18C7 /* Main.storyboard */; };
		D888A0741E3BF907009B18C7 /* Assets.xcassets in Resources */ = {isa = PBXBuildFile; fileRef = D888A0731E3BF907009B18C7 /* Assets.xcassets */; };
		D888A0771E3BF907009B18C7 /* LaunchScreen.storyboard in Resources */ = {isa = PBXBuildFile; fileRef = D888A0751E3BF907009B18C7 /* LaunchScreen.storyboard */; };
/* End PBXBuildFile section */

/* Begin PBXFileReference section */
		D888A0691E3BF907009B18C7 /* rep-timer.app */ = {isa = PBXFileReference; explicitFileType = wrapper.application; includeInIndex = 0; path = "rep-timer.app"; sourceTree = BUILT_PRODUCTS_DIR; };
		D888A06C1E3BF907009B18C7 /* AppDelegate.swift */ = {isa = PBXFileReference; lastKnownFileType = sourcecode.swift; path = AppDelegate.swift; sourceTree = "<group>"; };
		D888A06E1E3BF907009B18C7 /* ViewController.swift */ = {isa = PBXFileReference; lastKnownFileType = sourcecode.swift; path = ViewController.swift; sourceTree = "<group>"; };
		D888A0711E3BF907009B18C7 /* Base */ = {isa = PBXFileReference; lastKnownFileType = file.storyboard; name = Base; path = Base.lproj/Main.storyboard; sourceTree = "<group>"; };
		D888A0731E3BF907009B18C7 /* Assets.xcassets */ = {isa = PBXFileReference; lastKnownFileType = folder.assetcatalog; path = Assets.xcassets; sourceTree = "<group>"; };
		D888A0761E3BF907009B18C7 /* Base */ = {isa = PBXFileReference; lastKnownFileType = file.storyboard; name = Base; path = Base.lproj/LaunchScreen.storyboard; sourceTree = "<group>"; };
		D888A0781E3BF907009B18C7 /* Info.plist */ = {isa = PBXFileReference; lastKnownFileType = text.plist.xml; path = Info.plist; sourceTree = "<group>"; };
/* End PBXFileReference section */

/* Begin PBXFrameworksBuildPhase section */
		D888A0661E3BF907009B18C7 /* Frameworks */ = {
			isa = PBXFrameworksBuildPhase;
			buildActionMask = 2147483647;
			files = (
			);
			runOnlyForDeploymentPostprocessing = 0;
		};
/* End PBXFrameworksBuildPhase section */

/* Begin PBXGroup section */
		D888A0601E3BF907009B18C7 = {
			isa = PBXGroup;
			children = (
				D888A06B1E3BF907009B18C7 /* rep-timer */,
				D888A06A1E3BF907009B18C7 /* Products */,
			);
			sourceTree = "<group>";
		};
		D888A06A1E3BF907009B18C7 /* Products */ = {
			isa = PBXGroup;
			children = (
				D888A0691E3BF907009B18C7 /* rep-timer.app */,
			);
			name = Products;
			sourceTree = "<group>";
		};
		D888A06B1E3BF907009B18C7 /* rep-timer */ = {
			isa = PBXGroup;
			children = (
				D888A06C1E3BF907009B18C7 /* AppDelegate.swift */,
				D888A06E1E3BF907009B18C7 /* ViewController.swift */,
				D888A0701E3BF907009B18C7 /* Main.storyboard */,
				D888A0731E3BF907009B18C7 /* Assets.xcassets */,
				D888A0751E3BF907009B18C7 /* LaunchScreen.storyboard */,
				D888A0781E3BF907009B18C7 /* Info.plist */,
			);
			path = "rep-timer";
			sourceTree = "<group>";
		};
/* End PBXGroup section */

/* Begin PBXNativeTarget section */
		D888A0681E3BF907009B18C7 /* rep-timer */ = {
			isa = PBXNativeTarget;
			buildConfigurationList = D888A07B1E3BF907009B18C7 /* Build configuration list for PBXNativeTarget "rep-timer" */;
			buildPhases = (
				D888A0651E3BF907009B18C7 /* Sources */,
				D888A0661E3BF907009B18C7 /* Frameworks */,
				D888A0671E3BF907009B18C7 /* Resources */,
			);
			buildRules = (
			);
			dependencies = (
			);
			name = "rep-timer";
			productName = "rep-timer";
			productReference = D888A0691E3BF907009B18C7 /* rep-timer.app */;
			productType = "com.apple.product-type.application";
		};
/* End PBXNativeTarget section */

/* Begin PBXProject section */
		D888A0611E3BF907009B18C7 /* Project object */ = {
			isa = PBXProject;
			attributes = {
				LastSwiftUpdateCheck = 0820;
				LastUpgradeCheck = 0820;
				ORGANIZATIONNAME = "Joe Forshaw";
				TargetAttributes = {
					D888A0681E3BF907009B18C7 = {
						CreatedOnToolsVersion = 8.2.1;
						ProvisioningStyle = Automatic;
					};
				};
			};
			buildConfigurationList = D888A0641E3BF907009B18C7 /* Build configuration list for PBXProject "rep-timer" */;
			compatibilityVersion = "Xcode 3.2";
			developmentRegion = English;
			hasScannedForEncodings = 0;
			knownRegions = (
				en,
				Base,
			);
			mainGroup = D888A0601E3BF907009B18C7;
			productRefGroup = D888A06A1E3BF907009B18C7 /* Products */;
			projectDirPath = "";
			projectRoot = "";
			targets = (
				D888A0681E3BF907009B18C7 /* rep-timer */,
			);
		};
/* End PBXProject section */

/* Begin PBXResourcesBuildPhase section */
		D888A0671E3BF907009B18C7 /* Resources */ = {
			isa = PBXResourcesBuildPhase;
			buildActionMask = 2147483647;
			files = (
				D888A0771E3BF907009B18C7 /* LaunchScreen.storyboard in Resources */,
				D888A0741E3BF907009B18C7 /* Assets.xcassets in Resources */,
				D888A0721E3BF907009B18C7 /* Main.storyboard in Resources */,
			);
			runOnlyForDeploymentPostprocessing = 0;
		};
/* End PBXResourcesBuildPhase section */

/* Begin PBXSourcesBuildPhase section */
		D888A0651E3BF907009B18C7 /* Sources */ = {
			isa = PBXSourcesBuildPhase;
			buildActionMask = 2147483647;
			files = (
				D888A06F1E3BF907009B18C7 /* ViewController.swift in Sources */,
				D888A06D1E3BF907009B18C7 /* AppDelegate.swift in Sources */,
			);
			runOnlyForDeploymentPostprocessing = 0;
		};
/* End PBXSourcesBuildPhase section */

/* Begin PBXVariantGroup section */
		D888A0701E3BF907009B18C7 /* Main.storyboard */ = {
			isa = PBXVariantGroup;
			children = (
				D888A0711E3BF907009B18C7 /* Base */,
			);
			name = Main.storyboard;
			sourceTree = "<group>";
		};
		D888A0751E3BF907009B18C7 /* LaunchScreen.storyboard */ = {
			isa = PBXVariantGroup;
			children = (
				D888A0761E3BF907009B18C7 /* Base */,
			);
			name = LaunchScreen.storyboard;
			sourceTree = "<group>";
		};
/* End PBXVariantGroup section */

/* Begin XCBuildConfiguration section */
		D888A0791E3BF907009B18C7 /* Debug */ = {
			isa = XCBuildConfiguration;
			buildSettings = {
				ALWAYS_SEARCH_USER_PATHS = NO;
				CLANG_ANALYZER_NONNULL = YES;
				CLANG_CXX_LANGUAGE_STANDARD = "gnu++0x";
				CLANG_CXX_LIBRARY = "libc++";
				CLANG_ENABLE_MODULES = YES;
				CLANG_ENABLE_OBJC_ARC = YES;
				CLANG_WARN_BOOL_CONVERSION = YES;
				CLANG_WARN_CONSTANT_CONVERSION = YES;
				CLANG_WARN_DIRECT_OBJC_ISA_USAGE = YES_ERROR;
				CLANG_WARN_DOCUMENTATION_COMMENTS = YES;
				CLANG_WARN_EMPTY_BODY = YES;
				CLANG_WARN_ENUM_CONVERSION = YES;
				CLANG_WARN_INFINITE_RECURSION = YES;
				CLANG_WARN_INT_CONVERSION = YES;
				CLANG_WARN_OBJC_ROOT_CLASS = YES_ERROR;
				CLANG_WARN_SUSPICIOUS_MOVE = YES;
				CLANG_WARN_UNREACHABLE_CODE = YES;
				CLANG_WARN__DUPLICATE_METHOD_MATCH = YES;
				"CODE_SIGN_IDENTITY[sdk=iphoneos*]" = "iPhone Developer";
				COPY_PHASE_STRIP = NO;
				DEBUG_INFORMATION_FORMAT = dwarf;
				ENABLE_STRICT_OBJC_MSGSEND = YES;
				ENABLE_TESTABILITY = YES;
				GCC_C_LANGUAGE_STANDARD = gnu99;
				GCC_DYNAMIC_NO_PIC = NO;
				GCC_NO_COMMON_BLOCKS = YES;
				GCC_OPTIMIZATION_LEVEL = 0;
				GCC_PREPROCESSOR_DEFINITIONS = (
					"DEBUG=1",
					"$(inherited)",
				);
				GCC_WARN_64_TO_32_BIT_CONVERSION = YES;
				GCC_WARN_ABOUT_RETURN_TYPE = YES_ERROR;
				GCC_WARN_UNDECLARED_SELECTOR = YES;
				GCC_WARN_UNINITIALIZED_AUTOS = YES_AGGRESSIVE;
				GCC_WARN_UNUSED_FUNCTION = YES;
				GCC_WARN_UNUSED_VARIABLE = YES;
				IPHONEOS_DEPLOYMENT_TARGET = 10.2;
				MTL_ENABLE_DEBUG_INFO = YES;
				ONLY_ACTIVE_ARCH = YES;
				SDKROOT = iphoneos;
				SWIFT_ACTIVE_COMPILATION_CONDITIONS = DEBUG;
				SWIFT_OPTIMIZATION_LEVEL = "-Onone";
			};
			name = Debug;
		};
		D888A07A1E3BF907009B18C7 /* Release */ = {
			isa = XCBuildConfiguration;
			buildSettings = {
				ALWAYS_SEARCH_USER_PATHS = NO;
				CLANG_ANALYZER_NONNULL = YES;
				CLANG_CXX_LANGUAGE_STANDARD = "gnu++0x";
				CLANG_CXX_LIBRARY = "libc++";
				CLANG_ENABLE_MODULES = YES;
				CLANG_ENABLE_OBJC_ARC = YES;
				CLANG_WARN_BOOL_CONVERSION = YES;
				CLANG_WARN_CONSTANT_CONVERSION = YES;
				CLANG_WARN_DIRECT_OBJC_ISA_USAGE = YES_ERROR;
				CLANG_WARN_DOCUMENTATION_COMMENTS = YES;
				CLANG_WARN_EMPTY_BODY = YES;
				CLANG_WARN_ENUM_CONVERSION = YES;
				CLANG_WARN_INFINITE_RECURSION = YES;
				CLANG_WARN_INT_CONVERSION = YES;
				CLANG_WARN_OBJC_ROOT_CLASS = YES_ERROR;
				CLANG_WARN_SUSPICIOUS_MOVE = YES;
				CLANG_WARN_UNREACHABLE_CODE = YES;
				CLANG_WARN__DUPLICATE_METHOD_MATCH = YES;
				"CODE_SIGN_IDENTITY[sdk=iphoneos*]" = "iPhone Developer";
				COPY_PHASE_STRIP = NO;
				DEBUG_INFORMATION_FORMAT = "dwarf-with-dsym";
				ENABLE_NS_ASSERTIONS = NO;
				ENABLE_STRICT_OBJC_MSGSEND = YES;
				GCC_C_LANGUAGE_STANDARD = gnu99;
				GCC_NO_COMMON_BLOCKS = YES;
				GCC_WARN_64_TO_32_BIT_CONVERSION = YES;
				GCC_WARN_ABOUT_RETURN_TYPE = YES_ERROR;
				GCC_WARN_UNDECLARED_SELECTOR = YES;
				GCC_WARN_UNINITIALIZED_AUTOS = YES_AGGRESSIVE;
				GCC_WARN_UNUSED_FUNCTION = YES;
				GCC_WARN_UNUSED_VARIABLE = YES;
				IPHONEOS_DEPLOYMENT_TARGET = 10.2;
				MTL_ENABLE_DEBUG_INFO = NO;
				SDKROOT = iphoneos;
				SWIFT_OPTIMIZATION_LEVEL = "-Owholemodule";
				VALIDATE_PRODUCT = YES;
			};
			name = Release;
		};
		D888A07C1E3BF907009B18C7 /* Debug */ = {
			isa = XCBuildConfiguration;
			buildSettings = {
				ASSETCATALOG_COMPILER_APPICON_NAME = AppIcon;
				INFOPLIST_FILE = "rep-timer/Info.plist";
				LD_RUNPATH_SEARCH_PATHS = "$(inherited) @executable_path/Frameworks";
				PRODUCT_BUNDLE_IDENTIFIER = "joeforshaw.rep-timer";
				PRODUCT_NAME = "$(TARGET_NAME)";
				SWIFT_VERSION = 3.0;
			};
			name = Debug;
		};
		D888A07D1E3BF907009B18C7 /* Release */ = {
			isa = XCBuildConfiguration;
			buildSettings = {
				ASSETCATALOG_COMPILER_APPICON_NAME = AppIcon;
				INFOPLIST_FILE = "rep-timer/Info.plist";
				LD_RUNPATH_SEARCH_PATHS = "$(inherited) @executable_path/Frameworks";
				PRODUCT_BUNDLE_IDENTIFIER = "joeforshaw.rep-timer";
				PRODUCT_NAME = "$(TARGET_NAME)";
				SWIFT_VERSION = 3.0;
			};
			name = Release;
		};
/* End XCBuildConfiguration section */

/* Begin XCConfigurationList section */
		D888A0641E3BF907009B18C7 /* Build configuration list for PBXProject "rep-timer" */ = {
			isa = XCConfigurationList;
			buildConfigurations = (
				D888A0791E3BF907009B18C7 /* Debug */,
				D888A07A1E3BF907009B18C7 /* Release */,
			);
			defaultConfigurationIsVisible = 0;
			defaultConfigurationName = Release;
		};
		D888A07B1E3BF907009B18C7 /* Build configuration list for PBXNativeTarget "rep-timer" */ = {
			isa = XCConfigurationList;
			buildConfigurations = (
				D888A07C1E3BF907009B18C7 /* Debug */,
				D888A07D1E3BF907009B18C7 /* Release */,
			);
			defaultConfigurationIsVisible = 0;
		};
/* End XCConfigurationList section */
	};
	rootObject = D888A0611E3BF907009B18C7 /* Project object */;
}
